
Microsoft Visual Studio Solution File, Format Version 12.00
# Visual Studio Version 17
VisualStudioVersion = 17.11.35312.102
MinimumVisualStudioVersion = 10.0.40219.1
Project("{9A19103F-16F7-4668-BE54-9A1E7A4F7556}") = "BlazorBuilds", "BlazorBuilds\BlazorBuilds.csproj", "{C881EF59-B30D-4FD6-B417-092992AFFDF6}"
EndProject
Project("{9A19103F-16F7-4668-BE54-9A1E7A4F7556}") = "BlazorBuilds.Components", "BlazorBuilds.Components\BlazorBuilds.Components.csproj", "{F4EAF512-3DD4-4CEB-BC1B-F7F1A100B0F3}"
EndProject
Global
	GlobalSection(SolutionConfigurationPlatforms) = preSolution
		Debug|Any CPU = Debug|Any CPU
		Release|Any CPU = Release|Any CPU
	EndGlobalSection
	GlobalSection(ProjectConfigurationPlatforms) = postSolution
		{C881EF59-B30D-4FD6-B417-092992AFFDF6}.Debug|Any CPU.ActiveCfg = Debug|Any CPU
		{C881EF59-B30D-4FD6-B417-092992AFFDF6}.Debug|Any CPU.Build.0 = Debug|Any CPU
		{C881EF59-B30D-4FD6-B417-092992AFFDF6}.Release|Any CPU.ActiveCfg = Release|Any CPU
		{C881EF59-B30D-4FD6-B417-092992AFFDF6}.Release|Any CPU.Build.0 = Release|Any CPU
		{F4EAF512-3DD4-4CEB-BC1B-F7F1A100B0F3}.Debug|Any CPU.ActiveCfg = Debug|Any CPU
		{F4EAF512-3DD4-4CEB-BC1B-F7F1A100B0F3}.Debug|Any CPU.Build.0 = Debug|Any CPU
		{F4EAF512-3DD4-4CEB-BC1B-F7F1A100B0F3}.Release|Any CPU.ActiveCfg = Release|Any CPU
		{F4EAF512-3DD4-4CEB-BC1B-F7F1A100B0F3}.Release|Any CPU.Build.0 = Release|Any CPU
	EndGlobalSection
	GlobalSection(SolutionProperties) = preSolution
		HideSolutionNode = FALSE
	EndGlobalSection
	GlobalSection(ExtensibilityGlobals) = postSolution
		SolutionGuid = {28BCC23A-532D-472B-9645-257C32959022}
	EndGlobalSection
EndGlobal
